github.com/coreos/go-systemd v0.0.0-20190321100706-95778dfbb74e/go.mod h1:F5haX7vjVVG0kc13fIWeqUViNPyEJxv/OmvnBo0Yme4=
github.com/fatih/color v1.10.0 h1:s36xzo75JdqLaaWoiEHk767eHiwo0598uUxyfiPkDsg=
github.com/fatih/color v1.10.0/go.mod h1:ELkj/draVOlAH/xkhN6mQ50Qd0MPOk5AAr3maGEBuJM=
github.com/mattn/go-colorable v0.1.8 h1:c1ghPdyEDarC70ftn0y+A/Ee++9zz8ljHG1b13eJ0s8=
github.com/mattn/go-colorable v0.1.8/go.mod h1:u6P/XSegPjTcexA+o6vUJrdnUu04hMope9wVRipJSqc=
github.com/mattn/go-isatty v0.0.12 h1:wuysRhFDzyxgEmMf5xjvJ2M9dZoWAXNNr5LSBS7uHXY=
github.com/mattn/go-isatty v0.0.12/go.mod h1:cbi8OIDigv2wuxKPP5vlRcQ1OAZbq2CE4Kysco4FUpU=
github.com/pkg/errors v0.8.1/go.mod h1:bwawxfHBFNV+L2hUp1rHADufV3IMtnDRdf1r5NINEl0=
github.com/quadroops/pkg v0.0.0-20201204161412-d388489a1458 h1:7Kqq/kpQco2SXD92gQMlC2IEGoW9YwHv1PcvkWR5mbs=
github.com/quadroops/pkg/log v0.0.0-20201204161412-d388489a1458 h1:CXeo1kgZPZYRpU8XRF6pDuqHLjBkbdXuew+uz1RIiy0=
github.com/quadroops/pkg/log v0.0.0-20201204161412-d388489a1458/go.mod h1:QS6uuhllukB0y4XFZ0Nt+oCGczo6IG42HDwNJ/7CToc=
github.com/quadroops/pkg/log v0.0.0-20201205040330-b56a56f35572 h1:1UXX8/GsZqFbmfRPaECFlmDhzISD6l6Q+PN1B8IjKj4=
github.com/quadroops/pkg/log v0.0.0-20201205040330-b56a56f35572/go.mod h1:QS6uuhllukB0y4XFZ0Nt+oCGczo6IG42HDwNJ/7CToc=
github.com/quadroops/pkg/log v0.0.0-20201205042642-a87da6c029ec h1:YooSYQIZy9sqyWDHJXvAvuSUAuZ4AAAOSOTS6aeyioM=
github.com/quadroops/pkg/log v0.0.0-20201205042642-a87da6c029ec/go.mod h1:QS6uuhllukB0y4XFZ0Nt+oCGczo6IG42HDwNJ/7CToc=
github.com/quadroops/pkg/log v0.0.0-20201205044310-25d72c61a7f5 h1:7BeJ5kL7Hv0SPlxf/r9zG9MY4Be6Jl/J8nkDkDha3dA=
github.com/quadroops/pkg/log v0.0.0-20201205044310-25d72c61a7f5/go.mod h1:QS6uuhllukB0y4XFZ0Nt+oCGczo6IG42HDwNJ/7CToc=
github.com/quadroops/pkg/log v0.0.0-20201205045238-284be28a277c h1:9YCO+7iQp0otuTaG/T0UOU4uapaY965cwMP2f89MZkc=
github.com/quadroops/pkg/log v0.0.0-20201205045238-284be28a277c/go.mod h1:CFRC7U3t9Jz2efkwRPulyiM0IVmghB+oeHuO6Re/hQ4=
github.com/quadroops/pkg/log v0.0.0-20201205050143-c849d91569ad h1:IP/P/2McGu6qzad+VmZWEK9yWXNVRZl9D425bBen7Ew=
github.com/quadroops/pkg/log v0.0.0-20201205050143-c849d91569ad/go.mod h1:CFRC7U3t9Jz2efkwRPulyiM0IVmghB+oeHuO6Re/hQ4=
github.com/rs/xid v1.2.1/go.mod h1:+uKXf+4Djp6Md1KODXJxgGQPKngRmWyn10oCKFzNHOQ=
github.com/rs/zerolog v1.20.0 h1:38k9hgtUBdxFwE34yS8rTHmHBa4eN16E4DJlv177LNs=
github.com/rs/zerolog v1.20.0/go.mod h1:IzD0RJ65iWH0w97OQQebJEvTZYvsCUm9WVLWBQrJRjo=
golang.org/x/crypto v0.0.0-20190308221718-c2843e01d9a2/go.mod h1:djNgcEr1/C05ACkg1iLfiJU5Ep61QUkGW8qpdssI0+w=
golang.org/x/net v0.0.0-20190620200207-3b0461eec859/go.mod h1:z5CRVTTTmAJ677TzLLGU+0bjPO0LkuOLi4/5GtJWs/s=
golang.org/x/sync v0.0.0-20190423024810-112230192c58/go.mod h1:RxMgew5VJxzue5/jJTE5uejpjVlOe/izrB70Jof72aM=
golang.org/x/sys v0.0.0-20190215142949-d0b11bdaac8a/go.mod h1:STP8DvDyc/dI5b8T5hshtkjS+E42TnysNCUPdjciGhY=
golang.org/x/sys v0.0.0-20200116001909-b77594299b42/go.mod h1:h1NjWce9XRLGQEsW7wpKNCjG9DtNlClVuFLEZdDNbEs=
golang.org/x/sys v0.0.0-20200223170610-d5e6a3e2c0ae h1:/WDfKMnPU+m5M4xB+6x4kaepxRw6jWvR5iDRdvjHgy8=
golang.org/x/sys v0.0.0-20200223170610-d5e6a3e2c0ae/go.mod h1:h1NjWce9XRLGQEsW7wpKNCjG9DtNlClVuFLEZdDNbEs=
golang.org/x/sys v0.0.0-20201204225414-ed752295db88 h1:KmZPnMocC93w341XZp26yTJg8Za7lhb2KhkYmixoeso=
golang.org/x/sys v0.0.0-20201204225414-ed752295db88/go.mod h1:h1NjWce9XRLGQEsW7wpKNCjG9DtNlClVuFLEZdDNbEs=
golang.org/x/text v0.3.0/go.mod h1:NqM8EUOU14njkJ3fqMW+pc6Ldnwhi/IjpwHt7yyuwOQ=
golang.org/x/tools v0.0.0-20190828213141-aed303cbaa74/go.mod h1:b+2E5dAYhXwXZwtnZ6UAqBI28+e2cm9otk0dWdXHAEo=
golang.org/x/xerrors v0.0.0-20190717185122-a985d3407aa7/go.mod h1:I/5z698sn9Ka8TeJc9MKroUUfqBBauWjQqLJ2OPfmY0=
